PODS:
  - AFNetworking (4.0.1):
    - AFNetworking/NSURLSession (= 4.0.1)
    - AFNetworking/Reachability (= 4.0.1)
    - AFNetworking/Security (= 4.0.1)
    - AFNetworking/Serialization (= 4.0.1)
    - AFNetworking/UIKit (= 4.0.1)
  - AFNetworking/NSURLSession (4.0.1):
    - AFNetworking/Reachability
    - AFNetworking/Security
    - AFNetworking/Serialization
  - AFNetworking/Reachability (4.0.1)
  - AFNetworking/Security (4.0.1)
  - AFNetworking/Serialization (4.0.1)
  - AFNetworking/UIKit (4.0.1):
    - AFNetworking/NSURLSession
  - CTAssetsPickerController (3.3.1):
    - PureLayout (~> 3.0.0)
  - PBJHexagon (0.1.1)
  - PureLayout (3.0.2)

DEPENDENCIES:
  - AFNetworking (~> 4.0)
  - CTAssetsPickerController (~> 3.3.0)
  - PBJHexagon

SPEC REPOS:
  trunk:
    - AFNetworking
    - CTAssetsPickerController
    - PBJHexagon
    - PureLayout

SPEC CHECKSUMS:
  AFNetworking: 7864c38297c79aaca1500c33288e429c3451fdce
  CTAssetsPickerController: b1d1d50ab87cf6b8b13531de5f4530482e7e53ed
  PBJHexagon: 689c33964ff02f71f90d86fb181cbfdabce7886a
  PureLayout: 4d550abe49a94f24c2808b9b95db9131685fe4cd

PODFILE CHECKSUM: 7a9196135b214164bf1031b41461d8eed593c2ce

COCOAPODS: 1.10.0.beta.1
